
Microsoft Visual Studio Solution File, Format Version 12.00
# Visual Studio Version 17
VisualStudioVersion = 17.2.32505.173
MinimumVisualStudioVersion = 10.0.40219.1
Project("{FAE04EC0-301F-11D3-BF4B-00C04F79EFBC}") = "213007", "213007\213007.csproj", "{302FC6AA-849D-4A22-B172-7457D4DB45F4}"
EndProject
Global
	GlobalSection(SolutionConfigurationPlatforms) = preSolution
		Debug|Any CPU = Debug|Any CPU
		Release|Any CPU = Release|Any CPU
	EndGlobalSection
	GlobalSection(ProjectConfigurationPlatforms) = postSolution
		{302FC6AA-849D-4A22-B172-7457D4DB45F4}.Debug|Any CPU.ActiveCfg = Debug|Any CPU
		{302FC6AA-849D-4A22-B172-7457D4DB45F4}.Debug|Any CPU.Build.0 = Debug|Any CPU
		{302FC6AA-849D-4A22-B172-7457D4DB45F4}.Release|Any CPU.ActiveCfg = Release|Any CPU
		{302FC6AA-849D-4A22-B172-7457D4DB45F4}.Release|Any CPU.Build.0 = Release|Any CPU
	EndGlobalSection
	GlobalSection(SolutionProperties) = preSolution
		HideSolutionNode = FALSE
	EndGlobalSection
	GlobalSection(ExtensibilityGlobals) = postSolution
		SolutionGuid = {5B16CA73-FF39-491C-BB2B-2D1DC24C388A}
	EndGlobalSection
EndGlobal
